
Microsoft Visual Studio Solution File, Format Version 12.00
# Visual Studio Version 16
VisualStudioVersion = 16.0.31019.35
MinimumVisualStudioVersion = 10.0.40219.1
Project("{FAE04EC0-301F-11D3-BF4B-00C04F79EFBC}") = "AlbumStore", "AlbumStore\AlbumStore.csproj", "{94D91D08-95A0-4693-8A1B-E0F9DA18EEF3}"
EndProject
Global
	GlobalSection(SolutionConfigurationPlatforms) = preSolution
		Debug|Any CPU = Debug|Any CPU
		Release|Any CPU = Release|Any CPU
	EndGlobalSection
	GlobalSection(ProjectConfigurationPlatforms) = postSolution
		{94D91D08-95A0-4693-8A1B-E0F9DA18EEF3}.Debug|Any CPU.ActiveCfg = Debug|Any CPU
		{94D91D08-95A0-4693-8A1B-E0F9DA18EEF3}.Debug|Any CPU.Build.0 = Debug|Any CPU
		{94D91D08-95A0-4693-8A1B-E0F9DA18EEF3}.Release|Any CPU.ActiveCfg = Release|Any CPU
		{94D91D08-95A0-4693-8A1B-E0F9DA18EEF3}.Release|Any CPU.Build.0 = Release|Any CPU
	EndGlobalSection
	GlobalSection(SolutionProperties) = preSolution
		HideSolutionNode = FALSE
	EndGlobalSection
	GlobalSection(ExtensibilityGlobals) = postSolution
		SolutionGuid = {35D755A8-CBCE-4162-A0C3-BEBDB16C189F}
	EndGlobalSection
EndGlobal
